
Microsoft Visual Studio Solution File, Format Version 12.00
# Visual Studio Version 17
VisualStudioVersion = 17.8.34330.188
MinimumVisualStudioVersion = 10.0.40219.1
Project("{FAE04EC0-301F-11D3-BF4B-00C04F79EFBC}") = "PresentationLayer", "probica\PresentationLayer.csproj", "{DCB3459E-7E13-4994-A9D7-B29451C0F376}"
EndProject
Project("{FAE04EC0-301F-11D3-BF4B-00C04F79EFBC}") = "DataLayer", "DataLayer\DataLayer.csproj", "{64296672-BE20-44FF-A1CE-4EF804C9373E}"
EndProject
Project("{FAE04EC0-301F-11D3-BF4B-00C04F79EFBC}") = "BusinessLayer", "BusinessLayer\BusinessLayer.csproj", "{72750FCC-CA96-436E-8DBB-2465957E2D53}"
EndProject
Global
	GlobalSection(SolutionConfigurationPlatforms) = preSolution
		Debug|Any CPU = Debug|Any CPU
		Release|Any CPU = Release|Any CPU
	EndGlobalSection
	GlobalSection(ProjectConfigurationPlatforms) = postSolution
		{DCB3459E-7E13-4994-A9D7-B29451C0F376}.Debug|Any CPU.ActiveCfg = Debug|Any CPU
		{DCB3459E-7E13-4994-A9D7-B29451C0F376}.Debug|Any CPU.Build.0 = Debug|Any CPU
		{DCB3459E-7E13-4994-A9D7-B29451C0F376}.Release|Any CPU.ActiveCfg = Release|Any CPU
		{DCB3459E-7E13-4994-A9D7-B29451C0F376}.Release|Any CPU.Build.0 = Release|Any CPU
		{64296672-BE20-44FF-A1CE-4EF804C9373E}.Debug|Any CPU.ActiveCfg = Debug|Any CPU
		{64296672-BE20-44FF-A1CE-4EF804C9373E}.Debug|Any CPU.Build.0 = Debug|Any CPU
		{64296672-BE20-44FF-A1CE-4EF804C9373E}.Release|Any CPU.ActiveCfg = Release|Any CPU
		{64296672-BE20-44FF-A1CE-4EF804C9373E}.Release|Any CPU.Build.0 = Release|Any CPU
		{72750FCC-CA96-436E-8DBB-2465957E2D53}.Debug|Any CPU.ActiveCfg = Debug|Any CPU
		{72750FCC-CA96-436E-8DBB-2465957E2D53}.Debug|Any CPU.Build.0 = Debug|Any CPU
		{72750FCC-CA96-436E-8DBB-2465957E2D53}.Release|Any CPU.ActiveCfg = Release|Any CPU
		{72750FCC-CA96-436E-8DBB-2465957E2D53}.Release|Any CPU.Build.0 = Release|Any CPU
	EndGlobalSection
	GlobalSection(SolutionProperties) = preSolution
		HideSolutionNode = FALSE
	EndGlobalSection
	GlobalSection(ExtensibilityGlobals) = postSolution
		SolutionGuid = {7CD490CD-4508-4288-921B-2C93504EED2C}
	EndGlobalSection
EndGlobal
